
Microsoft Visual Studio Solution File, Format Version 12.00
# Visual Studio Version 17
VisualStudioVersion = 17.8.34525.116
MinimumVisualStudioVersion = 10.0.40219.1
Project("{FAE04EC0-301F-11D3-BF4B-00C04F79EFBC}") = "Workaround", "Workaround\Workaround.csproj", "{862D186A-45F6-4987-BB21-52D827D652D2}"
EndProject
Project("{FAE04EC0-301F-11D3-BF4B-00C04F79EFBC}") = "Entities", "Entities\Entities.csproj", "{39C0BBFA-DEDF-4FDF-992D-072A36E593AE}"
EndProject
Project("{FAE04EC0-301F-11D3-BF4B-00C04F79EFBC}") = "Business", "Business\Business.csproj", "{19155137-4717-4A3D-8CFB-FD0F71A814B2}"
EndProject
Global
	GlobalSection(SolutionConfigurationPlatforms) = preSolution
		Debug|Any CPU = Debug|Any CPU
		Release|Any CPU = Release|Any CPU
	EndGlobalSection
	GlobalSection(ProjectConfigurationPlatforms) = postSolution
		{862D186A-45F6-4987-BB21-52D827D652D2}.Debug|Any CPU.ActiveCfg = Debug|Any CPU
		{862D186A-45F6-4987-BB21-52D827D652D2}.Debug|Any CPU.Build.0 = Debug|Any CPU
		{862D186A-45F6-4987-BB21-52D827D652D2}.Release|Any CPU.ActiveCfg = Release|Any CPU
		{862D186A-45F6-4987-BB21-52D827D652D2}.Release|Any CPU.Build.0 = Release|Any CPU
		{39C0BBFA-DEDF-4FDF-992D-072A36E593AE}.Debug|Any CPU.ActiveCfg = Debug|Any CPU
		{39C0BBFA-DEDF-4FDF-992D-072A36E593AE}.Debug|Any CPU.Build.0 = Debug|Any CPU
		{39C0BBFA-DEDF-4FDF-992D-072A36E593AE}.Release|Any CPU.ActiveCfg = Release|Any CPU
		{39C0BBFA-DEDF-4FDF-992D-072A36E593AE}.Release|Any CPU.Build.0 = Release|Any CPU
		{19155137-4717-4A3D-8CFB-FD0F71A814B2}.Debug|Any CPU.ActiveCfg = Debug|Any CPU
		{19155137-4717-4A3D-8CFB-FD0F71A814B2}.Debug|Any CPU.Build.0 = Debug|Any CPU
		{19155137-4717-4A3D-8CFB-FD0F71A814B2}.Release|Any CPU.ActiveCfg = Release|Any CPU
		{19155137-4717-4A3D-8CFB-FD0F71A814B2}.Release|Any CPU.Build.0 = Release|Any CPU
	EndGlobalSection
	GlobalSection(SolutionProperties) = preSolution
		HideSolutionNode = FALSE
	EndGlobalSection
	GlobalSection(ExtensibilityGlobals) = postSolution
		SolutionGuid = {E7C9F2F8-6125-4325-8183-7517B463A5D6}
	EndGlobalSection
EndGlobal
